lockVersion: 2.0.0
id: ccfdfb13-d183-4136-b955-1730b2a9e3f5
management:
  docChecksum: 26dfba8fb2aee99ddef5e6e985d8ed87
  docVersion: 1.0.0
  speakeasyVersion: 1.390.5
  generationVersion: 2.409.3
  releaseVersion: 0.1.0
  configChecksum: 39f85b080e9fb1fd5fb9c28d8c69d0a2
features:
  typescript:
    additionalDependencies: 0.1.0
    constsAndDefaults: 0.1.11
    core: 3.16.0
    defaultEnabledRetries: 0.1.0
    envVarSecurityUsage: 0.1.1
    globalSecurity: 2.82.11
    globalSecurityCallbacks: 0.1.0
    globalSecurityFlattening: 0.1.0
    globalServerURLs: 2.82.4
    responseFormat: 0.2.3
    retries: 2.83.0
    sdkHooks: 0.1.0
    serverEvents: 0.1.4
    tests: 0.5.0
    unions: 2.85.7
    uploadStreams: 0.1.0
generatedFiles:
  - src/funcs/booksGetAllBooks.ts
  - src/funcs/booksAddBook.ts
  - src/funcs/booksGetBookById.ts
  - src/funcs/booksUpdateBookCoverById.ts
  - src/funcs/ordersGetAllOrders.ts
  - src/funcs/ordersCreateOrder.ts
  - src/funcs/ordersGetOrderById.ts
  - src/funcs/ordersGetOrderStream.ts
  - src/sdk/books.ts
  - src/sdk/orders.ts
  - src/sdk/sdk.ts
  - .eslintrc.cjs
  - .npmignore
  - FUNCTIONS.md
  - RUNTIMES.md
  - jsr.json
  - package.json
  - src/core.ts
  - src/index.ts
  - src/lib/base64.ts
  - src/lib/config.ts
  - src/lib/dlv.ts
  - src/lib/encodings.ts
  - src/lib/event-streams.ts
  - src/lib/files.ts
  - src/lib/http.ts
  - src/lib/is-plain-object.ts
  - src/lib/logger.ts
  - src/lib/matchers.ts
  - src/lib/primitives.ts
  - src/lib/retries.ts
  - src/lib/schemas.ts
  - src/lib/sdks.ts
  - src/lib/security.ts
  - src/lib/url.ts
  - src/sdk/index.ts
  - src/models/errors/httpclienterrors.ts
  - src/models/errors/sdkerror.ts
  - src/models/errors/sdkvalidationerror.ts
  - src/types/blobs.ts
  - src/types/constdatetime.ts
  - src/types/enums.ts
  - src/types/fp.ts
  - src/types/index.ts
  - src/types/operations.ts
  - src/types/rfcdate.ts
  - src/types/streams.ts
  - tsconfig.json
  - src/__tests__/books.test.ts
  - src/models/operations/getallbooks.ts
  - src/models/operations/addbook.ts
  - src/models/operations/getbookbyid.ts
  - src/models/operations/updatebookcoverbyid.ts
  - src/models/operations/getorderbyid.ts
  - src/models/components/programmingbook.ts
  - src/models/components/author.ts
  - src/models/components/fantasybook.ts
  - src/models/components/scifibook.ts
  - src/models/components/order.ts
  - src/models/components/user.ts
  - src/models/components/neworder.ts
  - src/models/components/orderstreammessage.ts
  - src/models/components/security.ts
  - src/models/errors/index.ts
  - src/models/operations/index.ts
  - src/models/components/index.ts
  - docs/models/operations/responsebody.md
  - docs/models/operations/addbookrequestbody.md
  - docs/models/operations/addbookresponsebody.md
  - docs/models/operations/getbookbyidrequest.md
  - docs/models/operations/getbookbyidresponsebody.md
  - docs/models/operations/cover.md
  - docs/models/operations/updatebookcoverbyidrequestbody.md
  - docs/models/operations/updatebookcoverbyidrequest.md
  - docs/models/operations/getorderbyidrequest.md
  - docs/models/components/programmingbook.md
  - docs/models/components/authorwithid.md
  - docs/models/components/authorwithname.md
  - docs/models/components/author.md
  - docs/models/components/fantasybook.md
  - docs/models/components/scifibook.md
  - docs/models/components/status.md
  - docs/models/components/products.md
  - docs/models/components/order.md
  - docs/models/components/user.md
  - docs/models/components/neworder.md
  - docs/models/components/orderstreammessage.md
  - docs/models/components/security.md
  - docs/sdks/sdk/README.md
  - docs/lib/utils/retryconfig.md
  - docs/sdks/books/README.md
  - docs/sdks/orders/README.md
  - USAGE.md
  - .gitattributes
  - src/hooks/hooks.ts
  - src/hooks/types.ts
  - src/hooks/index.ts
  - CONTRIBUTING.md
